
Microsoft Visual Studio Solution File, Format Version 12.00
# Visual Studio Version 17
VisualStudioVersion = 17.4.33205.214
MinimumVisualStudioVersion = 10.0.40219.1
Project("{2150E333-8FDC-42A3-9474-1A3956D46DE8}") = "Services", "Services", "{2A2757B8-BA8C-4407-8D4B-23611B37838A}"
EndProject
Project("{2150E333-8FDC-42A3-9474-1A3956D46DE8}") = "Catalog", "Catalog", "{34B8D31F-0596-4B31-8835-A33EF8B94ECE}"
EndProject
Project("{9A19103F-16F7-4668-BE54-9A1E7A4F7556}") = "Catalog.API", "Services\Catalog\Catalog.API\Catalog.API.csproj", "{39021DD1-3AC3-4776-8FC1-A826E0E1F31F}"
EndProject
Project("{E53339B2-1760-4266-BCC7-CA923CBCF16C}") = "docker-compose", "docker-compose.dcproj", "{1BD8D1CE-B669-4488-BB2B-557D755D34A7}"
EndProject
Project("{2150E333-8FDC-42A3-9474-1A3956D46DE8}") = "Basket", "Basket", "{B9CAFF37-AD2C-440E-B05A-7149727F61A0}"
EndProject
Project("{9A19103F-16F7-4668-BE54-9A1E7A4F7556}") = "Basket.API", "Services\Basket\Basket.API\Basket.API.csproj", "{FEF96FB5-8F39-46F3-8471-68F78D29E9B7}"
EndProject
Project("{2150E333-8FDC-42A3-9474-1A3956D46DE8}") = "Discount", "Discount", "{78C06846-DAC9-437A-B493-9E3BAA80807A}"
EndProject
Project("{FAE04EC0-301F-11D3-BF4B-00C04F79EFBC}") = "Discount.API", "Services\Discount\Discount.API\Discount.API.csproj", "{8B94F010-2983-4348-8109-2F66EDE9DBB2}"
EndProject
Global
	GlobalSection(SolutionConfigurationPlatforms) = preSolution
		Debug|Any CPU = Debug|Any CPU
		Release|Any CPU = Release|Any CPU
	EndGlobalSection
	GlobalSection(ProjectConfigurationPlatforms) = postSolution
		{39021DD1-3AC3-4776-8FC1-A826E0E1F31F}.Debug|Any CPU.ActiveCfg = Debug|Any CPU
		{39021DD1-3AC3-4776-8FC1-A826E0E1F31F}.Debug|Any CPU.Build.0 = Debug|Any CPU
		{39021DD1-3AC3-4776-8FC1-A826E0E1F31F}.Release|Any CPU.ActiveCfg = Release|Any CPU
		{39021DD1-3AC3-4776-8FC1-A826E0E1F31F}.Release|Any CPU.Build.0 = Release|Any CPU
		{1BD8D1CE-B669-4488-BB2B-557D755D34A7}.Debug|Any CPU.ActiveCfg = Debug|Any CPU
		{1BD8D1CE-B669-4488-BB2B-557D755D34A7}.Debug|Any CPU.Build.0 = Debug|Any CPU
		{1BD8D1CE-B669-4488-BB2B-557D755D34A7}.Release|Any CPU.ActiveCfg = Release|Any CPU
		{1BD8D1CE-B669-4488-BB2B-557D755D34A7}.Release|Any CPU.Build.0 = Release|Any CPU
		{FEF96FB5-8F39-46F3-8471-68F78D29E9B7}.Debug|Any CPU.ActiveCfg = Debug|Any CPU
		{FEF96FB5-8F39-46F3-8471-68F78D29E9B7}.Debug|Any CPU.Build.0 = Debug|Any CPU
		{FEF96FB5-8F39-46F3-8471-68F78D29E9B7}.Release|Any CPU.ActiveCfg = Release|Any CPU
		{FEF96FB5-8F39-46F3-8471-68F78D29E9B7}.Release|Any CPU.Build.0 = Release|Any CPU
		{8B94F010-2983-4348-8109-2F66EDE9DBB2}.Debug|Any CPU.ActiveCfg = Debug|Any CPU
		{8B94F010-2983-4348-8109-2F66EDE9DBB2}.Debug|Any CPU.Build.0 = Debug|Any CPU
		{8B94F010-2983-4348-8109-2F66EDE9DBB2}.Release|Any CPU.ActiveCfg = Release|Any CPU
		{8B94F010-2983-4348-8109-2F66EDE9DBB2}.Release|Any CPU.Build.0 = Release|Any CPU
	EndGlobalSection
	GlobalSection(SolutionProperties) = preSolution
		HideSolutionNode = FALSE
	EndGlobalSection
	GlobalSection(NestedProjects) = preSolution
		{34B8D31F-0596-4B31-8835-A33EF8B94ECE} = {2A2757B8-BA8C-4407-8D4B-23611B37838A}
		{39021DD1-3AC3-4776-8FC1-A826E0E1F31F} = {34B8D31F-0596-4B31-8835-A33EF8B94ECE}
		{B9CAFF37-AD2C-440E-B05A-7149727F61A0} = {2A2757B8-BA8C-4407-8D4B-23611B37838A}
		{FEF96FB5-8F39-46F3-8471-68F78D29E9B7} = {B9CAFF37-AD2C-440E-B05A-7149727F61A0}
		{78C06846-DAC9-437A-B493-9E3BAA80807A} = {2A2757B8-BA8C-4407-8D4B-23611B37838A}
		{8B94F010-2983-4348-8109-2F66EDE9DBB2} = {78C06846-DAC9-437A-B493-9E3BAA80807A}
	EndGlobalSection
	GlobalSection(ExtensibilityGlobals) = postSolution
		SolutionGuid = {D85E7C86-7BA1-4ED7-801D-B81522A99524}
	EndGlobalSection
EndGlobal
